
Microsoft Visual Studio Solution File, Format Version 12.00
# Visual Studio 15
VisualStudioVersion = 15.0.28010.2026
MinimumVisualStudioVersion = 10.0.40219.1
Project("{FAE04EC0-301F-11D3-BF4B-00C04F79EFBC}") = "Seminar2_1_2_templates", "Seminar2_1_2_templates\Seminar2_1_2_templates.csproj", "{6A88264F-7ABE-48DE-84F7-18076D1B4E53}"
EndProject
Global
	GlobalSection(SolutionConfigurationPlatforms) = preSolution
		Debug|Any CPU = Debug|Any CPU
		Release|Any CPU = Release|Any CPU
	EndGlobalSection
	GlobalSection(ProjectConfigurationPlatforms) = postSolution
		{6A88264F-7ABE-48DE-84F7-18076D1B4E53}.Debug|Any CPU.ActiveCfg = Debug|Any CPU
		{6A88264F-7ABE-48DE-84F7-18076D1B4E53}.Debug|Any CPU.Build.0 = Debug|Any CPU
		{6A88264F-7ABE-48DE-84F7-18076D1B4E53}.Release|Any CPU.ActiveCfg = Release|Any CPU
		{6A88264F-7ABE-48DE-84F7-18076D1B4E53}.Release|Any CPU.Build.0 = Release|Any CPU
	EndGlobalSection
	GlobalSection(SolutionProperties) = preSolution
		HideSolutionNode = FALSE
	EndGlobalSection
	GlobalSection(ExtensibilityGlobals) = postSolution
		SolutionGuid = {D4F8FC31-5EA1-49DE-AD2D-832C5F6B1467}
	EndGlobalSection
EndGlobal
