
Microsoft Visual Studio Solution File, Format Version 12.00
# Visual Studio 15
VisualStudioVersion = 15.0.28010.2026
MinimumVisualStudioVersion = 10.0.40219.1
Project("{FAE04EC0-301F-11D3-BF4B-00C04F79EFBC}") = "Task01", "Seminar5_6\Task01.csproj", "{97238924-FA85-4E3E-BA85-2DAF98774267}"
EndProject
Project("{FAE04EC0-301F-11D3-BF4B-00C04F79EFBC}") = "Task02", "Task02\Task02.csproj", "{33616FC2-6481-41D8-A2DC-BA6ECF25D124}"
EndProject
Project("{FAE04EC0-301F-11D3-BF4B-00C04F79EFBC}") = "Task03", "Task03\Task03.csproj", "{778D3438-BCF0-44AE-996F-1E608610B80A}"
EndProject
Project("{FAE04EC0-301F-11D3-BF4B-00C04F79EFBC}") = "Task04", "Task04\Task04.csproj", "{89EED44E-6A1E-4C54-8AFB-CECF05337C4B}"
EndProject
Project("{FAE04EC0-301F-11D3-BF4B-00C04F79EFBC}") = "Task05", "Task05\Task05.csproj", "{D158C39B-7DA9-4A82-92F3-717202FAEBEA}"
EndProject
Project("{FAE04EC0-301F-11D3-BF4B-00C04F79EFBC}") = "Task06", "Task06\Task06.csproj", "{A693B8D7-C175-4803-AB29-F4C2692AB6FE}"
EndProject
Project("{FAE04EC0-301F-11D3-BF4B-00C04F79EFBC}") = "Task07", "Task07\Task07.csproj", "{268D0B8D-FA7F-427B-B5FA-7C7E1BBF97D1}"
EndProject
Project("{FAE04EC0-301F-11D3-BF4B-00C04F79EFBC}") = "Task08", "Task08\Task08.csproj", "{2A8562F9-F22B-4D5F-9AF8-032C39903D1B}"
EndProject
Global
	GlobalSection(SolutionConfigurationPlatforms) = preSolution
		Debug|Any CPU = Debug|Any CPU
		Release|Any CPU = Release|Any CPU
	EndGlobalSection
	GlobalSection(ProjectConfigurationPlatforms) = postSolution
		{97238924-FA85-4E3E-BA85-2DAF98774267}.Debug|Any CPU.ActiveCfg = Debug|Any CPU
		{97238924-FA85-4E3E-BA85-2DAF98774267}.Debug|Any CPU.Build.0 = Debug|Any CPU
		{97238924-FA85-4E3E-BA85-2DAF98774267}.Release|Any CPU.ActiveCfg = Release|Any CPU
		{97238924-FA85-4E3E-BA85-2DAF98774267}.Release|Any CPU.Build.0 = Release|Any CPU
		{33616FC2-6481-41D8-A2DC-BA6ECF25D124}.Debug|Any CPU.ActiveCfg = Debug|Any CPU
		{33616FC2-6481-41D8-A2DC-BA6ECF25D124}.Debug|Any CPU.Build.0 = Debug|Any CPU
		{33616FC2-6481-41D8-A2DC-BA6ECF25D124}.Release|Any CPU.ActiveCfg = Release|Any CPU
		{33616FC2-6481-41D8-A2DC-BA6ECF25D124}.Release|Any CPU.Build.0 = Release|Any CPU
		{778D3438-BCF0-44AE-996F-1E608610B80A}.Debug|Any CPU.ActiveCfg = Debug|Any CPU
		{778D3438-BCF0-44AE-996F-1E608610B80A}.Debug|Any CPU.Build.0 = Debug|Any CPU
		{778D3438-BCF0-44AE-996F-1E608610B80A}.Release|Any CPU.ActiveCfg = Release|Any CPU
		{778D3438-BCF0-44AE-996F-1E608610B80A}.Release|Any CPU.Build.0 = Release|Any CPU
		{89EED44E-6A1E-4C54-8AFB-CECF05337C4B}.Debug|Any CPU.ActiveCfg = Debug|Any CPU
		{89EED44E-6A1E-4C54-8AFB-CECF05337C4B}.Debug|Any CPU.Build.0 = Debug|Any CPU
		{89EED44E-6A1E-4C54-8AFB-CECF05337C4B}.Release|Any CPU.ActiveCfg = Release|Any CPU
		{89EED44E-6A1E-4C54-8AFB-CECF05337C4B}.Release|Any CPU.Build.0 = Release|Any CPU
		{D158C39B-7DA9-4A82-92F3-717202FAEBEA}.Debug|Any CPU.ActiveCfg = Debug|Any CPU
		{D158C39B-7DA9-4A82-92F3-717202FAEBEA}.Debug|Any CPU.Build.0 = Debug|Any CPU
		{D158C39B-7DA9-4A82-92F3-717202FAEBEA}.Release|Any CPU.ActiveCfg = Release|Any CPU
		{D158C39B-7DA9-4A82-92F3-717202FAEBEA}.Release|Any CPU.Build.0 = Release|Any CPU
		{A693B8D7-C175-4803-AB29-F4C2692AB6FE}.Debug|Any CPU.ActiveCfg = Debug|Any CPU
		{A693B8D7-C175-4803-AB29-F4C2692AB6FE}.Debug|Any CPU.Build.0 = Debug|Any CPU
		{A693B8D7-C175-4803-AB29-F4C2692AB6FE}.Release|Any CPU.ActiveCfg = Release|Any CPU
		{A693B8D7-C175-4803-AB29-F4C2692AB6FE}.Release|Any CPU.Build.0 = Release|Any CPU
		{268D0B8D-FA7F-427B-B5FA-7C7E1BBF97D1}.Debug|Any CPU.ActiveCfg = Debug|Any CPU
		{268D0B8D-FA7F-427B-B5FA-7C7E1BBF97D1}.Debug|Any CPU.Build.0 = Debug|Any CPU
		{268D0B8D-FA7F-427B-B5FA-7C7E1BBF97D1}.Release|Any CPU.ActiveCfg = Release|Any CPU
		{268D0B8D-FA7F-427B-B5FA-7C7E1BBF97D1}.Release|Any CPU.Build.0 = Release|Any CPU
		{2A8562F9-F22B-4D5F-9AF8-032C39903D1B}.Debug|Any CPU.ActiveCfg = Debug|Any CPU
		{2A8562F9-F22B-4D5F-9AF8-032C39903D1B}.Debug|Any CPU.Build.0 = Debug|Any CPU
		{2A8562F9-F22B-4D5F-9AF8-032C39903D1B}.Release|Any CPU.ActiveCfg = Release|Any CPU
		{2A8562F9-F22B-4D5F-9AF8-032C39903D1B}.Release|Any CPU.Build.0 = Release|Any CPU
	EndGlobalSection
	GlobalSection(SolutionProperties) = preSolution
		HideSolutionNode = FALSE
	EndGlobalSection
	GlobalSection(ExtensibilityGlobals) = postSolution
		SolutionGuid = {C74384A2-8809-46F7-B306-D0FA07946B28}
	EndGlobalSection
EndGlobal
