
Microsoft Visual Studio Solution File, Format Version 12.00
# Visual Studio 15
VisualStudioVersion = 15.0.28010.2026
MinimumVisualStudioVersion = 10.0.40219.1
Project("{FAE04EC0-301F-11D3-BF4B-00C04F79EFBC}") = "FractalSnow", "FractalSnow\FractalSnow.csproj", "{9E8C62C7-41F7-4012-A5DB-61A32B480CEC}"
EndProject
Global
	GlobalSection(SolutionConfigurationPlatforms) = preSolution
		Debug|Any CPU = Debug|Any CPU
		Release|Any CPU = Release|Any CPU
	EndGlobalSection
	GlobalSection(ProjectConfigurationPlatforms) = postSolution
		{9E8C62C7-41F7-4012-A5DB-61A32B480CEC}.Debug|Any CPU.ActiveCfg = Debug|Any CPU
		{9E8C62C7-41F7-4012-A5DB-61A32B480CEC}.Debug|Any CPU.Build.0 = Debug|Any CPU
		{9E8C62C7-41F7-4012-A5DB-61A32B480CEC}.Release|Any CPU.ActiveCfg = Release|Any CPU
		{9E8C62C7-41F7-4012-A5DB-61A32B480CEC}.Release|Any CPU.Build.0 = Release|Any CPU
	EndGlobalSection
	GlobalSection(SolutionProperties) = preSolution
		HideSolutionNode = FALSE
	EndGlobalSection
	GlobalSection(ExtensibilityGlobals) = postSolution
		SolutionGuid = {F7FF8859-76C0-473A-B3F2-C6976ED6CBB4}
	EndGlobalSection
EndGlobal
