
Microsoft Visual Studio Solution File, Format Version 12.00
# Visual Studio 15
Project("{FAE04EC0-301F-11D3-BF4B-00C04F79EFBC}") = "02Task", "02Task\02Task.csproj", "{BB388CF2-4ABA-4153-A0F9-C2E8255B0029}"
EndProject
Project("{FAE04EC0-301F-11D3-BF4B-00C04F79EFBC}") = "01Task", "01Task\01Task.csproj", "{F5C21F58-6052-4F09-8031-23DE37C6F718}"
EndProject
Global
	GlobalSection(SolutionConfigurationPlatforms) = preSolution
		Debug|anycpu = Debug|anycpu
		Release|anycpu = Release|anycpu
	EndGlobalSection
	GlobalSection(ProjectConfigurationPlatforms) = postSolution
		{BB388CF2-4ABA-4153-A0F9-C2E8255B0029}.Debug|anycpu.ActiveCfg = Debug|anycpu
		{BB388CF2-4ABA-4153-A0F9-C2E8255B0029}.Debug|anycpu.Build.0 = Debug|anycpu
		{BB388CF2-4ABA-4153-A0F9-C2E8255B0029}.Release|anycpu.ActiveCfg = Release|anycpu
		{BB388CF2-4ABA-4153-A0F9-C2E8255B0029}.Release|anycpu.Build.0 = Release|anycpu
		{F5C21F58-6052-4F09-8031-23DE37C6F718}.Debug|anycpu.ActiveCfg = Debug|anycpu
		{F5C21F58-6052-4F09-8031-23DE37C6F718}.Debug|anycpu.Build.0 = Debug|anycpu
		{F5C21F58-6052-4F09-8031-23DE37C6F718}.Release|anycpu.ActiveCfg = Release|anycpu
		{F5C21F58-6052-4F09-8031-23DE37C6F718}.Release|anycpu.Build.0 = Release|anycpu
	EndGlobalSection
EndGlobal
